
Microsoft Visual Studio Solution File, Format Version 12.00
# Visual Studio Version 16
VisualStudioVersion = 16.0.30907.101
MinimumVisualStudioVersion = 10.0.40219.1
Project("{FAE04EC0-301F-11D3-BF4B-00C04F79EFBC}") = "StudentClass", "Lab Task(3)\StudentClass.csproj", "{0A923D74-B6FA-4AE1-A245-21241BB914B7}"
EndProject
Project("{FAE04EC0-301F-11D3-BF4B-00C04F79EFBC}") = "TriangleClass", "TriangleClass\TriangleClass.csproj", "{D5454457-50AC-42B0-9392-5251FB4AC82C}"
EndProject
Global
	GlobalSection(SolutionConfigurationPlatforms) = preSolution
		Debug|Any CPU = Debug|Any CPU
		Release|Any CPU = Release|Any CPU
	EndGlobalSection
	GlobalSection(ProjectConfigurationPlatforms) = postSolution
		{0A923D74-B6FA-4AE1-A245-21241BB914B7}.Debug|Any CPU.ActiveCfg = Debug|Any CPU
		{0A923D74-B6FA-4AE1-A245-21241BB914B7}.Debug|Any CPU.Build.0 = Debug|Any CPU
		{0A923D74-B6FA-4AE1-A245-21241BB914B7}.Release|Any CPU.ActiveCfg = Release|Any CPU
		{0A923D74-B6FA-4AE1-A245-21241BB914B7}.Release|Any CPU.Build.0 = Release|Any CPU
		{D5454457-50AC-42B0-9392-5251FB4AC82C}.Debug|Any CPU.ActiveCfg = Debug|Any CPU
		{D5454457-50AC-42B0-9392-5251FB4AC82C}.Debug|Any CPU.Build.0 = Debug|Any CPU
		{D5454457-50AC-42B0-9392-5251FB4AC82C}.Release|Any CPU.ActiveCfg = Release|Any CPU
		{D5454457-50AC-42B0-9392-5251FB4AC82C}.Release|Any CPU.Build.0 = Release|Any CPU
	EndGlobalSection
	GlobalSection(SolutionProperties) = preSolution
		HideSolutionNode = FALSE
	EndGlobalSection
	GlobalSection(ExtensibilityGlobals) = postSolution
		SolutionGuid = {503B5551-8E5E-41BD-AA75-E744EED3B64B}
	EndGlobalSection
EndGlobal
